
Microsoft Visual Studio Solution File, Format Version 12.00
# Visual Studio Version 17
VisualStudioVersion = 17.1.32328.378
MinimumVisualStudioVersion = 10.0.40219.1
Project("{FAE04EC0-301F-11D3-BF4B-00C04F79EFBC}") = "TestVSTO", "TestVSTO\TestVSTO.csproj", "{9EA62A36-194B-4066-8888-A6DD930C4D8D}"
EndProject
Global
	GlobalSection(SolutionConfigurationPlatforms) = preSolution
		Debug|Any CPU = Debug|Any CPU
		Release|Any CPU = Release|Any CPU
	EndGlobalSection
	GlobalSection(ProjectConfigurationPlatforms) = postSolution
		{9EA62A36-194B-4066-8888-A6DD930C4D8D}.Debug|Any CPU.ActiveCfg = Debug|Any CPU
		{9EA62A36-194B-4066-8888-A6DD930C4D8D}.Debug|Any CPU.Build.0 = Debug|Any CPU
		{9EA62A36-194B-4066-8888-A6DD930C4D8D}.Release|Any CPU.ActiveCfg = Release|Any CPU
		{9EA62A36-194B-4066-8888-A6DD930C4D8D}.Release|Any CPU.Build.0 = Release|Any CPU
	EndGlobalSection
	GlobalSection(SolutionProperties) = preSolution
		HideSolutionNode = FALSE
	EndGlobalSection
	GlobalSection(ExtensibilityGlobals) = postSolution
		SolutionGuid = {CE4A5117-4BE3-4316-9EA6-815F82C85356}
	EndGlobalSection
EndGlobal
